
Microsoft Visual Studio Solution File, Format Version 12.00
Project("{FAE04EC0-301F-11D3-BF4B-00C04F79EFBC}") = "Shopify_Learning", "Shopify_Learning\Shopify_Learning.csproj", "{35A6DD98-A14E-4A2A-B7C5-925A086BDAE3}"
EndProject
Project("{FAE04EC0-301F-11D3-BF4B-00C04F79EFBC}") = "Shopify_Learning.Tests", "Shopify_Learning.Tests\Shopify_Learning.Tests.csproj", "{EB3D5A8A-3AC7-4FFF-9DD4-860EE069CF19}"
EndProject
Global
	GlobalSection(SolutionConfigurationPlatforms) = preSolution
		Debug|Any CPU = Debug|Any CPU
		Debug|x64 = Debug|x64
		Debug|x86 = Debug|x86
		Release|Any CPU = Release|Any CPU
		Release|x64 = Release|x64
		Release|x86 = Release|x86
	EndGlobalSection
	GlobalSection(ProjectConfigurationPlatforms) = postSolution
		{35A6DD98-A14E-4A2A-B7C5-925A086BDAE3}.Debug|Any CPU.ActiveCfg = Debug|Any CPU
		{35A6DD98-A14E-4A2A-B7C5-925A086BDAE3}.Debug|Any CPU.Build.0 = Debug|Any CPU
		{35A6DD98-A14E-4A2A-B7C5-925A086BDAE3}.Debug|x64.ActiveCfg = Debug|Any CPU
		{35A6DD98-A14E-4A2A-B7C5-925A086BDAE3}.Debug|x64.Build.0 = Debug|Any CPU
		{35A6DD98-A14E-4A2A-B7C5-925A086BDAE3}.Debug|x86.ActiveCfg = Debug|Any CPU
		{35A6DD98-A14E-4A2A-B7C5-925A086BDAE3}.Debug|x86.Build.0 = Debug|Any CPU
		{35A6DD98-A14E-4A2A-B7C5-925A086BDAE3}.Release|Any CPU.ActiveCfg = Release|Any CPU
		{35A6DD98-A14E-4A2A-B7C5-925A086BDAE3}.Release|Any CPU.Build.0 = Release|Any CPU
		{35A6DD98-A14E-4A2A-B7C5-925A086BDAE3}.Release|x64.ActiveCfg = Release|Any CPU
		{35A6DD98-A14E-4A2A-B7C5-925A086BDAE3}.Release|x64.Build.0 = Release|Any CPU
		{35A6DD98-A14E-4A2A-B7C5-925A086BDAE3}.Release|x86.ActiveCfg = Release|Any CPU
		{35A6DD98-A14E-4A2A-B7C5-925A086BDAE3}.Release|x86.Build.0 = Release|Any CPU
		{EB3D5A8A-3AC7-4FFF-9DD4-860EE069CF19}.Debug|Any CPU.ActiveCfg = Debug|Any CPU
		{EB3D5A8A-3AC7-4FFF-9DD4-860EE069CF19}.Debug|Any CPU.Build.0 = Debug|Any CPU
		{EB3D5A8A-3AC7-4FFF-9DD4-860EE069CF19}.Debug|x64.ActiveCfg = Debug|Any CPU
		{EB3D5A8A-3AC7-4FFF-9DD4-860EE069CF19}.Debug|x64.Build.0 = Debug|Any CPU
		{EB3D5A8A-3AC7-4FFF-9DD4-860EE069CF19}.Debug|x86.ActiveCfg = Debug|Any CPU
		{EB3D5A8A-3AC7-4FFF-9DD4-860EE069CF19}.Debug|x86.Build.0 = Debug|Any CPU
		{EB3D5A8A-3AC7-4FFF-9DD4-860EE069CF19}.Release|Any CPU.ActiveCfg = Release|Any CPU
		{EB3D5A8A-3AC7-4FFF-9DD4-860EE069CF19}.Release|Any CPU.Build.0 = Release|Any CPU
		{EB3D5A8A-3AC7-4FFF-9DD4-860EE069CF19}.Release|x64.ActiveCfg = Release|Any CPU
		{EB3D5A8A-3AC7-4FFF-9DD4-860EE069CF19}.Release|x64.Build.0 = Release|Any CPU
		{EB3D5A8A-3AC7-4FFF-9DD4-860EE069CF19}.Release|x86.ActiveCfg = Release|Any CPU
		{EB3D5A8A-3AC7-4FFF-9DD4-860EE069CF19}.Release|x86.Build.0 = Release|Any CPU
	EndGlobalSection
	GlobalSection(SolutionProperties) = preSolution
		HideSolutionNode = FALSE
	EndGlobalSection
EndGlobal
